
Microsoft Visual Studio Solution File, Format Version 12.00
# Visual Studio Version 16
VisualStudioVersion = 16.0.34407.143
MinimumVisualStudioVersion = 10.0.40219.1
Project("{FAE04EC0-301F-11D3-BF4B-00C04F79EFBC}") = "Installer", "Installer\Installer.csproj", "{DBF26073-A599-4274-9C5F-CE8C04CE430D}"
EndProject
Global
	GlobalSection(SolutionConfigurationPlatforms) = preSolution
		Debug|Any CPU = Debug|Any CPU
		Release|Any CPU = Release|Any CPU
	EndGlobalSection
	GlobalSection(ProjectConfigurationPlatforms) = postSolution
		{DBF26073-A599-4274-9C5F-CE8C04CE430D}.Debug|Any CPU.ActiveCfg = Debug|Any CPU
		{DBF26073-A599-4274-9C5F-CE8C04CE430D}.Debug|Any CPU.Build.0 = Debug|Any CPU
		{DBF26073-A599-4274-9C5F-CE8C04CE430D}.Release|Any CPU.ActiveCfg = Release|Any CPU
		{DBF26073-A599-4274-9C5F-CE8C04CE430D}.Release|Any CPU.Build.0 = Release|Any CPU
	EndGlobalSection
	GlobalSection(SolutionProperties) = preSolution
		HideSolutionNode = FALSE
	EndGlobalSection
	GlobalSection(ExtensibilityGlobals) = postSolution
		SolutionGuid = {DECABA99-8025-44EE-80FC-61DCB55E90D4}
	EndGlobalSection
EndGlobal
